
Microsoft Visual Studio Solution File, Format Version 12.00
# Visual Studio 15
VisualStudioVersion = 15.0.28307.489
MinimumVisualStudioVersion = 10.0.40219.1
Project("{FAE04EC0-301F-11D3-BF4B-00C04F79EFBC}") = "Lab01", "Lab01\Lab01.csproj", "{831D8B08-DEB4-41A1-BC25-34D425434661}"
EndProject
Global
	GlobalSection(SolutionConfigurationPlatforms) = preSolution
		Debug|Any CPU = Debug|Any CPU
		Release|Any CPU = Release|Any CPU
	EndGlobalSection
	GlobalSection(ProjectConfigurationPlatforms) = postSolution
		{831D8B08-DEB4-41A1-BC25-34D425434661}.Debug|Any CPU.ActiveCfg = Debug|Any CPU
		{831D8B08-DEB4-41A1-BC25-34D425434661}.Debug|Any CPU.Build.0 = Debug|Any CPU
		{831D8B08-DEB4-41A1-BC25-34D425434661}.Release|Any CPU.ActiveCfg = Release|Any CPU
		{831D8B08-DEB4-41A1-BC25-34D425434661}.Release|Any CPU.Build.0 = Release|Any CPU
	EndGlobalSection
	GlobalSection(SolutionProperties) = preSolution
		HideSolutionNode = FALSE
	EndGlobalSection
	GlobalSection(ExtensibilityGlobals) = postSolution
		SolutionGuid = {5903A0C4-B349-4D9B-A8E6-0750A48EBB2B}
	EndGlobalSection
EndGlobal
