
Microsoft Visual Studio Solution File, Format Version 12.00
# Visual Studio 15
VisualStudioVersion = 15.0.28307.572
MinimumVisualStudioVersion = 10.0.40219.1
Project("{FAE04EC0-301F-11D3-BF4B-00C04F79EFBC}") = "Lab05", "Lab05\Lab05.csproj", "{7491A0C6-CBDD-4BC9-8BAB-51AF4F960A06}"
EndProject
Global
	GlobalSection(SolutionConfigurationPlatforms) = preSolution
		Debug|Any CPU = Debug|Any CPU
		Release|Any CPU = Release|Any CPU
	EndGlobalSection
	GlobalSection(ProjectConfigurationPlatforms) = postSolution
		{7491A0C6-CBDD-4BC9-8BAB-51AF4F960A06}.Debug|Any CPU.ActiveCfg = Debug|Any CPU
		{7491A0C6-CBDD-4BC9-8BAB-51AF4F960A06}.Debug|Any CPU.Build.0 = Debug|Any CPU
		{7491A0C6-CBDD-4BC9-8BAB-51AF4F960A06}.Release|Any CPU.ActiveCfg = Release|Any CPU
		{7491A0C6-CBDD-4BC9-8BAB-51AF4F960A06}.Release|Any CPU.Build.0 = Release|Any CPU
	EndGlobalSection
	GlobalSection(SolutionProperties) = preSolution
		HideSolutionNode = FALSE
	EndGlobalSection
	GlobalSection(ExtensibilityGlobals) = postSolution
		SolutionGuid = {F2A8A507-105B-4021-9341-CBDCEF7363A7}
	EndGlobalSection
EndGlobal
